
Microsoft Visual Studio Solution File, Format Version 12.00
# Visual Studio Version 16
VisualStudioVersion = 16.0.31025.194
MinimumVisualStudioVersion = 10.0.40219.1
Project("{FAE04EC0-301F-11D3-BF4B-00C04F79EFBC}") = "DrawingEditor", "DrawingEditor.csproj", "{624059BE-C750-419C-A488-C8183C1C63FB}"
EndProject
Global
	GlobalSection(SolutionConfigurationPlatforms) = preSolution
		Debug|Any CPU = Debug|Any CPU
		Release|Any CPU = Release|Any CPU
	EndGlobalSection
	GlobalSection(ProjectConfigurationPlatforms) = postSolution
		{624059BE-C750-419C-A488-C8183C1C63FB}.Debug|Any CPU.ActiveCfg = Debug|Any CPU
		{624059BE-C750-419C-A488-C8183C1C63FB}.Debug|Any CPU.Build.0 = Debug|Any CPU
		{624059BE-C750-419C-A488-C8183C1C63FB}.Release|Any CPU.ActiveCfg = Release|Any CPU
		{624059BE-C750-419C-A488-C8183C1C63FB}.Release|Any CPU.Build.0 = Release|Any CPU
	EndGlobalSection
	GlobalSection(SolutionProperties) = preSolution
		HideSolutionNode = FALSE
	EndGlobalSection
	GlobalSection(ExtensibilityGlobals) = postSolution
		SolutionGuid = {7886245F-70FB-444F-A66E-8DAE204A49F6}
	EndGlobalSection
EndGlobal
